github.com/BurntSushi/toml v0.3.1 h1:WXkYYl6Yr3qBf1K79EBnL4mak0OimBfB0XUf9Vl28OQ=
github.com/BurntSushi/toml v0.3.1/go.mod h1:xHWCNGjB5oqiDr8zfno3MHue2Ht5sIBksp03qcyfWMU=
github.com/ElrondNetwork/big-int-util v0.0.5 h1:e/9kK++9ZH/SdIYqLSUPRFYrDZmDWDgff3/7SCydq5I=
github.com/ElrondNetwork/big-int-util v0.0.5/go.mod h1:96viBvoTXLjZOhEvE0D+QnAwg1IJLPAK6GVHMbC7Aw4=
github.com/ElrondNetwork/elrond-vm-common v0.0.0-20191203115206-691b00a6e76a/go.mod h1:ZakxPST/Wt8umnRtA9gobcy3Dw2bywxwkC54P5VhO9g=
github.com/ElrondNetwork/elrond-vm-common v0.0.0-20200328210946-2a91696a2876 h1:2Ym5NAEYXYErknaLYiu7Jio1KGPzTwJi/cP2vyM5cCI=
github.com/ElrondNetwork/elrond-vm-common v0.0.0-20200328210946-2a91696a2876/go.mod h1:ZakxPST/Wt8umnRtA9gobcy3Dw2bywxwkC54P5VhO9g=
github.com/ElrondNetwork/elrond-vm-common v0.1.12 h1:hvbz6OicB20ioW1j7AKYT485R78GHGAtIMIidE9EwCs=
github.com/ElrondNetwork/elrond-vm-common v0.1.12/go.mod h1:ZakxPST/Wt8umnRtA9gobcy3Dw2bywxwkC54P5VhO9g=
github.com/ElrondNetwork/elrond-vm-common v0.1.13-0.20200330153553-33c09ed65cf8 h1:W6Snsv6koBP+yV8Z9cwKVkQdig5tIDCO5uHm5UIFUDs=
github.com/ElrondNetwork/elrond-vm-common v0.1.13-0.20200330153553-33c09ed65cf8/go.mod h1:ZakxPST/Wt8umnRtA9gobcy3Dw2bywxwkC54P5VhO9g=
github.com/ElrondNetwork/elrond-vm-common v0.1.13-0.20200402095914-ea5d8f2e874f h1:Sh2wVc5sTtYDmYltQJmGqDzb6ygXdxJxBowK2B+zrd4=
github.com/ElrondNetwork/elrond-vm-common v0.1.13-0.20200402095914-ea5d8f2e874f/go.mod h1:ZakxPST/Wt8umnRtA9gobcy3Dw2bywxwkC54P5VhO9g=
github.com/ElrondNetwork/elrond-vm-common v0.1.13-0.20200402112636-0866cb4f2bab h1:2ra4JD+/ZYe1Hh8355nLRfu/GD+rygn7l0r8aBaijBU=
github.com/ElrondNetwork/elrond-vm-common v0.1.13-0.20200402112636-0866cb4f2bab/go.mod h1:ZakxPST/Wt8umnRtA9gobcy3Dw2bywxwkC54P5VhO9g=
github.com/ElrondNetwork/elrond-vm-common v0.1.13-0.20200402130428-4f920439251a h1:jzVb0D3+6DYtQdl/I/ZHCGoOf5Yu3rdB2MOV1ecToAc=
github.com/ElrondNetwork/elrond-vm-common v0.1.13-0.20200402130428-4f920439251a/go.mod h1:ZakxPST/Wt8umnRtA9gobcy3Dw2bywxwkC54P5VhO9g=
github.com/ElrondNetwork/elrond-vm-common v0.1.13 h1:Y5ZPA8aNkRzAeMBx78HeiRJikZoB8Vguf/+5fF6tE5g=
github.com/ElrondNetwork/elrond-vm-common v0.1.13/go.mod h1:ZakxPST/Wt8umnRtA9gobcy3Dw2bywxwkC54P5VhO9g=
github.com/ElrondNetwork/elrond-vm-common v0.1.14 h1:UYW+pUMcmjF94FhRp9LoCK+lhZCEbTj/yfhOAU3G1LM=
github.com/ElrondNetwork/elrond-vm-common v0.1.14/go.mod h1:ZakxPST/Wt8umnRtA9gobcy3Dw2bywxwkC54P5VhO9g=
github.com/ElrondNetwork/elrond-vm-util v0.1.5 h1:M0iz53otd9XDeybdaxsjPaM/JY9ssUh8gGjc94ZVs4I=
github.com/ElrondNetwork/elrond-vm-util v0.1.5/go.mod h1:02LPKFh/Z5rbejgW2dazwjWGnsniuLOhRM2JjaOA3Mg=
github.com/ElrondNetwork/elrond-vm-util v0.1.6 h1:ELfveq5c8xFR5RZBGxN039YUhZVvQIh/lIOzV85q87s=
github.com/ElrondNetwork/elrond-vm-util v0.1.6/go.mod h1:uMoBGRZdlWORpRl0YjfnWC1IZUMjsKlV1PdLlpb6ncI=
github.com/davecgh/go-spew v1.1.0 h1:ZDRjVQ15GmhC3fiQ8ni8+OwkZQO4DARzQgrnXU1Liz8=
github.com/davecgh/go-spew v1.1.0/go.mod h1:J7Y8YcW2NihsgmVo/mv3lAwl/skON4iLHjSsI+c5H38=
github.com/davecgh/go-spew v1.1.1 h1:vj9j/u1bqnvCEfJOwUhtlOARqs3+rkHYY13jYWTU97c=
github.com/davecgh/go-spew v1.1.1/go.mod h1:J7Y8YcW2NihsgmVo/mv3lAwl/skON4iLHjSsI+c5H38=
github.com/mitchellh/mapstructure v1.1.2 h1:fmNYVwqnSfB9mZU6OS2O6GsXM+wcskZDuKQzvN1EDeE=
github.com/mitchellh/mapstructure v1.1.2/go.mod h1:FVVH3fgwuzCH5S8UJGiWEs2h04kUh9fWfEaFds41c1Y=
github.com/pelletier/go-toml v1.6.0 h1:aetoXYr0Tv7xRU/V4B4IZJ2QcbtMUFoNb3ORp7TzIK4=
github.com/pelletier/go-toml v1.6.0/go.mod h1:5N711Q9dKgbdkxHL+MEfF31hpT7l0S0s/t2kKREewys=
github.com/pmezard/go-difflib v1.0.0 h1:4DBwDE0NGyQoBHbLQYPwSUPoCMWR5BEzIk/f1lZbAQM=
github.com/pmezard/go-difflib v1.0.0/go.mod h1:iKH77koFhYxTK1pcRnkKkqfTogsbg7gZNVY4sRDYZ/4=
github.com/stretchr/objx v0.1.0/go.mod h1:HFkY916IF+rwdDfMAkV7OtwuqBVzrE8GR6GFx+wExME=
github.com/stretchr/testify v1.4.0 h1:2E4SXV/wtOkTonXsotYi4li6zVWxYlZuYNCXe9XRJyk=
github.com/stretchr/testify v1.4.0/go.mod h1:j7eGeouHqKxXV5pUuKE4zz7dFj8WfuZ+81PSLYec5m4=
golang.org/x/crypto v0.0.0-20190308221718-c2843e01d9a2/go.mod h1:djNgcEr1/C05ACkg1iLfiJU5Ep61QUkGW8qpdssI0+w=
golang.org/x/crypto v0.0.0-20190829043050-9756ffdc2472/go.mod h1:yigFU9vqHzYiE8UmvKecakEJjdnWj3jj499lnFckfCI=
golang.org/x/crypto v0.0.0-20191011191535-87dc89f01550 h1:ObdrDkeb4kJdCP557AjRjq69pTHfNouLtWZG7j9rPN8=
golang.org/x/crypto v0.0.0-20191011191535-87dc89f01550/go.mod h1:yigFU9vqHzYiE8UmvKecakEJjdnWj3jj499lnFckfCI=
golang.org/x/net v0.0.0-20190404232315-eb5bcb51f2a3/go.mod h1:t9HGtf8HONx5eT2rtn7q6eTqICYqUVnKs3thJo3Qplg=
golang.org/x/sys v0.0.0-20190215142949-d0b11bdaac8a/go.mod h1:STP8DvDyc/dI5b8T5hshtkjS+E42TnysNCUPdjciGhY=
golang.org/x/sys v0.0.0-20190412213103-97732733099d h1:+R4KGOnez64A81RvjARKc4UT5/tI9ujCIVX+P5KiHuI=
golang.org/x/sys v0.0.0-20190412213103-97732733099d/go.mod h1:h1NjWce9XRLGQEsW7wpKNCjG9DtNlClVuFLEZdDNbEs=
golang.org/x/text v0.3.0/go.mod h1:NqM8EUOU14njkJ3fqMW+pc6Ldnwhi/IjpwHt7yyuwOQ=
gopkg.in/check.v1 v0.0.0-20161208181325-20d25e280405 h1:yhCVgyC4o1eVCa2tZl7eS0r+SDo693bJlVdllGtEeKM=
gopkg.in/check.v1 v0.0.0-20161208181325-20d25e280405/go.mod h1:Co6ibVJAznAaIkqp8huTwlJQCZ016jof/cbN4VW5Yz0=
gopkg.in/yaml.v2 v2.2.2 h1:ZCJp+EgiOT7lHqUV2J862kp8Qj64Jo6az82+3Td9dZw=
gopkg.in/yaml.v2 v2.2.2/go.mod h1:hI93XBmqTisBFMUTm0b8Fm+jr3Dg1NNxqwp+5A1VGuI=
gopkg.in/yaml.v2 v2.2.4 h1:/eiJrUcujPVeJ3xlSWaiNi3uSVmDGBK1pDHUHAnao1I=
gopkg.in/yaml.v2 v2.2.4/go.mod h1:hI93XBmqTisBFMUTm0b8Fm+jr3Dg1NNxqwp+5A1VGuI=
