# This file is automatically @generated by Cargo.
# It is not intended for manual editing.
[[package]]
name = "arrayvec"
version = "0.5.1"
source = "registry+https://github.com/rust-lang/crates.io-index"
checksum = "cff77d8686867eceff3105329d4698d96c2391c176d5d03adc90c7389162b5b8"

[[package]]
name = "cfg-if"
version = "0.1.10"
source = "registry+https://github.com/rust-lang/crates.io-index"
checksum = "4785bdd1c96b2a846b2bd7cc02e86b6b3dbf14e7e53446c4f54c92a361040822"

[[package]]
name = "elrond-codec"
version = "0.1.3"
source = "registry+https://github.com/rust-lang/crates.io-index"
checksum = "574d14d2d6132ad921c9d8c04d5cfc1759185d8f58a02746a48c83691190b638"
dependencies = [
 "arrayvec",
 "wee_alloc",
]

[[package]]
name = "elrond-wasm"
version = "0.16.2"
source = "registry+https://github.com/rust-lang/crates.io-index"
checksum = "16c29648c9c3fa8a649c77e2e3d21bb0916abb2c9a119c8545458365f344ab5c"
dependencies = [
 "arrayvec",
 "elrond-codec",
 "wee_alloc",
]

[[package]]
name = "elrond-wasm-derive"
version = "0.7.2"
source = "registry+https://github.com/rust-lang/crates.io-index"
checksum = "a46d992a10694653131801a1648d3ee4496321f174815de418e324734354f31b"
dependencies = [
 "hex",
 "proc-macro2",
 "quote",
 "syn",
]

[[package]]
name = "elrond-wasm-node"
version = "0.7.2"
source = "registry+https://github.com/rust-lang/crates.io-index"
checksum = "a10e4831fee336a7550163faa12d906a3b6efc102ddacb6c7a4f273d59999780"
dependencies = [
 "elrond-wasm",
]

[[package]]
name = "exchange"
version = "0.0.1"
dependencies = [
 "elrond-wasm",
 "elrond-wasm-derive",
 "elrond-wasm-node",
]

[[package]]
name = "hex"
version = "0.4.2"
source = "registry+https://github.com/rust-lang/crates.io-index"
checksum = "644f9158b2f133fd50f5fb3242878846d9eb792e445c893805ff0e3824006e35"

[[package]]
name = "libc"
version = "0.2.79"
source = "registry+https://github.com/rust-lang/crates.io-index"
checksum = "2448f6066e80e3bfc792e9c98bf705b4b0fc6e8ef5b43e5889aff0eaa9c58743"

[[package]]
name = "memory_units"
version = "0.4.0"
source = "registry+https://github.com/rust-lang/crates.io-index"
checksum = "8452105ba047068f40ff7093dd1d9da90898e63dd61736462e9cdda6a90ad3c3"

[[package]]
name = "proc-macro2"
version = "1.0.24"
source = "registry+https://github.com/rust-lang/crates.io-index"
checksum = "1e0704ee1a7e00d7bb417d0770ea303c1bccbabf0ef1667dae92b5967f5f8a71"
dependencies = [
 "unicode-xid",
]

[[package]]
name = "quote"
version = "1.0.7"
source = "registry+https://github.com/rust-lang/crates.io-index"
checksum = "aa563d17ecb180e500da1cfd2b028310ac758de548efdd203e18f283af693f37"
dependencies = [
 "proc-macro2",
]

[[package]]
name = "syn"
version = "1.0.44"
source = "registry+https://github.com/rust-lang/crates.io-index"
checksum = "e03e57e4fcbfe7749842d53e24ccb9aa12b7252dbe5e91d2acad31834c8b8fdd"
dependencies = [
 "proc-macro2",
 "quote",
 "unicode-xid",
]

[[package]]
name = "unicode-xid"
version = "0.2.1"
source = "registry+https://github.com/rust-lang/crates.io-index"
checksum = "f7fe0bb3479651439c9112f72b6c505038574c9fbb575ed1bf3b797fa39dd564"

[[package]]
name = "wee_alloc"
version = "0.4.5"
source = "registry+https://github.com/rust-lang/crates.io-index"
checksum = "dbb3b5a6b2bb17cb6ad44a2e68a43e8d2722c997da10e928665c72ec6c0a0b8e"
dependencies = [
 "cfg-if",
 "libc",
 "memory_units",
 "winapi",
]

[[package]]
name = "winapi"
version = "0.3.9"
source = "registry+https://github.com/rust-lang/crates.io-index"
checksum = "5c839a674fcd7a98952e593242ea400abe93992746761e38641405d28b00f419"
dependencies = [
 "winapi-i686-pc-windows-gnu",
 "winapi-x86_64-pc-windows-gnu",
]

[[package]]
name = "winapi-i686-pc-windows-gnu"
version = "0.4.0"
source = "registry+https://github.com/rust-lang/crates.io-index"
checksum = "ac3b87c63620426dd9b991e5ce0329eff545bccbbb34f3be09ff6fb6ab51b7b6"

[[package]]
name = "winapi-x86_64-pc-windows-gnu"
version = "0.4.0"
source = "registry+https://github.com/rust-lang/crates.io-index"
checksum = "712e227841d057c1ee1cd2fb22fa7e5a5461ae8e48fa2ca79ec42cfc1931183f"
